
Microsoft Visual Studio Solution File, Format Version 12.00
# Visual Studio Version 17
VisualStudioVersion = 17.3.32825.248
MinimumVisualStudioVersion = 10.0.40219.1
Project("{FAE04EC0-301F-11D3-BF4B-00C04F79EFBC}") = "Monogame Lesson 1 The Basics", "Monogame Lesson 1 The Basics.csproj", "{2D0866CC-AB74-445F-A552-5FAE8A8EC6EC}"
EndProject
Global
	GlobalSection(SolutionConfigurationPlatforms) = preSolution
		Debug|Any CPU = Debug|Any CPU
		Release|Any CPU = Release|Any CPU
	EndGlobalSection
	GlobalSection(ProjectConfigurationPlatforms) = postSolution
		{2D0866CC-AB74-445F-A552-5FAE8A8EC6EC}.Debug|Any CPU.ActiveCfg = Debug|Any CPU
		{2D0866CC-AB74-445F-A552-5FAE8A8EC6EC}.Debug|Any CPU.Build.0 = Debug|Any CPU
		{2D0866CC-AB74-445F-A552-5FAE8A8EC6EC}.Release|Any CPU.ActiveCfg = Release|Any CPU
		{2D0866CC-AB74-445F-A552-5FAE8A8EC6EC}.Release|Any CPU.Build.0 = Release|Any CPU
	EndGlobalSection
	GlobalSection(SolutionProperties) = preSolution
		HideSolutionNode = FALSE
	EndGlobalSection
	GlobalSection(ExtensibilityGlobals) = postSolution
		SolutionGuid = {4612CF5A-413F-4A53-9ACD-13B3670C6C62}
	EndGlobalSection
EndGlobal
